
Microsoft Visual Studio Solution File, Format Version 12.00
# Visual Studio Version 17
VisualStudioVersion = 17.1.32319.34
MinimumVisualStudioVersion = 10.0.40219.1
Project("{888888A0-9F3D-457C-B088-3A5042F75D52}") = "FuntionsApplication", "FuntionsApplication\FuntionsApplication.pyproj", "{59258174-0E92-4B87-ACE6-074FC7C91348}"
EndProject
Global
	GlobalSection(SolutionConfigurationPlatforms) = preSolution
		Debug|Any CPU = Debug|Any CPU
		Release|Any CPU = Release|Any CPU
	EndGlobalSection
	GlobalSection(ProjectConfigurationPlatforms) = postSolution
		{59258174-0E92-4B87-ACE6-074FC7C91348}.Debug|Any CPU.ActiveCfg = Debug|Any CPU
		{59258174-0E92-4B87-ACE6-074FC7C91348}.Release|Any CPU.ActiveCfg = Release|Any CPU
	EndGlobalSection
	GlobalSection(SolutionProperties) = preSolution
		HideSolutionNode = FALSE
	EndGlobalSection
	GlobalSection(ExtensibilityGlobals) = postSolution
		SolutionGuid = {D17EB04E-2A1B-431D-B5E9-F05C2C960275}
	EndGlobalSection
EndGlobal
