
Microsoft Visual Studio Solution File, Format Version 12.00
# Visual Studio Version 17
VisualStudioVersion = 17.3.32929.385
MinimumVisualStudioVersion = 10.0.40219.1
Project("{FAE04EC0-301F-11D3-BF4B-00C04F79EFBC}") = "GCApp", "GCApp.csproj", "{F495D7ED-9204-455A-ACC1-1B47A1AD07C6}"
EndProject
Global
	GlobalSection(SolutionConfigurationPlatforms) = preSolution
		Debug|Any CPU = Debug|Any CPU
		Release|Any CPU = Release|Any CPU
	EndGlobalSection
	GlobalSection(ProjectConfigurationPlatforms) = postSolution
		{F495D7ED-9204-455A-ACC1-1B47A1AD07C6}.Debug|Any CPU.ActiveCfg = Debug|Any CPU
		{F495D7ED-9204-455A-ACC1-1B47A1AD07C6}.Debug|Any CPU.Build.0 = Debug|Any CPU
		{F495D7ED-9204-455A-ACC1-1B47A1AD07C6}.Release|Any CPU.ActiveCfg = Release|Any CPU
		{F495D7ED-9204-455A-ACC1-1B47A1AD07C6}.Release|Any CPU.Build.0 = Release|Any CPU
	EndGlobalSection
	GlobalSection(SolutionProperties) = preSolution
		HideSolutionNode = FALSE
	EndGlobalSection
	GlobalSection(ExtensibilityGlobals) = postSolution
		SolutionGuid = {B8B8D5FA-4F1B-4EFA-B6C1-C0C5BC89BBA2}
	EndGlobalSection
EndGlobal
