
Microsoft Visual Studio Solution File, Format Version 12.00
# Visual Studio Version 17
VisualStudioVersion = 17.1.32319.34
MinimumVisualStudioVersion = 10.0.40219.1
Project("{888888A0-9F3D-457C-B088-3A5042F75D52}") = "Temp", "Temp\Temp.pyproj", "{E3C183A6-10E1-4F4C-92FE-DE718B729ED0}"
EndProject
Global
	GlobalSection(SolutionConfigurationPlatforms) = preSolution
		Debug|Any CPU = Debug|Any CPU
		Release|Any CPU = Release|Any CPU
	EndGlobalSection
	GlobalSection(ProjectConfigurationPlatforms) = postSolution
		{E3C183A6-10E1-4F4C-92FE-DE718B729ED0}.Debug|Any CPU.ActiveCfg = Debug|Any CPU
		{E3C183A6-10E1-4F4C-92FE-DE718B729ED0}.Release|Any CPU.ActiveCfg = Release|Any CPU
	EndGlobalSection
	GlobalSection(SolutionProperties) = preSolution
		HideSolutionNode = FALSE
	EndGlobalSection
	GlobalSection(ExtensibilityGlobals) = postSolution
		SolutionGuid = {1E86C647-4DD4-48DE-8800-24A9FAEF31ED}
	EndGlobalSection
EndGlobal
