
Microsoft Visual Studio Solution File, Format Version 12.00
# Visual Studio Version 16
VisualStudioVersion = 16.0.31424.327
MinimumVisualStudioVersion = 10.0.40219.1
Project("{888888A0-9F3D-457C-B088-3A5042F75D52}") = "ConditionApp", "ConditionApp\ConditionApp.pyproj", "{079428B7-B1E4-43FA-A3B5-E4B0D53BBA0A}"
EndProject
Global
	GlobalSection(SolutionConfigurationPlatforms) = preSolution
		Debug|Any CPU = Debug|Any CPU
		Release|Any CPU = Release|Any CPU
	EndGlobalSection
	GlobalSection(ProjectConfigurationPlatforms) = postSolution
		{079428B7-B1E4-43FA-A3B5-E4B0D53BBA0A}.Debug|Any CPU.ActiveCfg = Debug|Any CPU
		{079428B7-B1E4-43FA-A3B5-E4B0D53BBA0A}.Release|Any CPU.ActiveCfg = Release|Any CPU
	EndGlobalSection
	GlobalSection(SolutionProperties) = preSolution
		HideSolutionNode = FALSE
	EndGlobalSection
	GlobalSection(ExtensibilityGlobals) = postSolution
		SolutionGuid = {3B9F2A11-B7D2-4DB3-929F-A8EA6906CBAC}
	EndGlobalSection
EndGlobal
