
Microsoft Visual Studio Solution File, Format Version 12.00
# Visual Studio Version 17
VisualStudioVersion = 17.3.32929.385
MinimumVisualStudioVersion = 10.0.40219.1
Project("{FAE04EC0-301F-11D3-BF4B-00C04F79EFBC}") = "StudentsApp", "StudentsApp.csproj", "{BB730CC8-4359-40FF-A479-2672CE24F679}"
EndProject
Global
	GlobalSection(SolutionConfigurationPlatforms) = preSolution
		Debug|Any CPU = Debug|Any CPU
		Release|Any CPU = Release|Any CPU
	EndGlobalSection
	GlobalSection(ProjectConfigurationPlatforms) = postSolution
		{BB730CC8-4359-40FF-A479-2672CE24F679}.Debug|Any CPU.ActiveCfg = Debug|Any CPU
		{BB730CC8-4359-40FF-A479-2672CE24F679}.Debug|Any CPU.Build.0 = Debug|Any CPU
		{BB730CC8-4359-40FF-A479-2672CE24F679}.Release|Any CPU.ActiveCfg = Release|Any CPU
		{BB730CC8-4359-40FF-A479-2672CE24F679}.Release|Any CPU.Build.0 = Release|Any CPU
	EndGlobalSection
	GlobalSection(SolutionProperties) = preSolution
		HideSolutionNode = FALSE
	EndGlobalSection
	GlobalSection(ExtensibilityGlobals) = postSolution
		SolutionGuid = {CAF0C37B-B9CC-4B80-A42D-66967B6C8E76}
	EndGlobalSection
EndGlobal
