
Microsoft Visual Studio Solution File, Format Version 12.00
# Visual Studio Version 17
VisualStudioVersion = 17.3.32929.385
MinimumVisualStudioVersion = 10.0.40219.1
Project("{FAE04EC0-301F-11D3-BF4B-00C04F79EFBC}") = "OopInCsharpApp", "OopInCsharpApp.csproj", "{03B64746-5962-4D8B-9099-7785B8169C8E}"
EndProject
Global
	GlobalSection(SolutionConfigurationPlatforms) = preSolution
		Debug|Any CPU = Debug|Any CPU
		Release|Any CPU = Release|Any CPU
	EndGlobalSection
	GlobalSection(ProjectConfigurationPlatforms) = postSolution
		{03B64746-5962-4D8B-9099-7785B8169C8E}.Debug|Any CPU.ActiveCfg = Debug|Any CPU
		{03B64746-5962-4D8B-9099-7785B8169C8E}.Debug|Any CPU.Build.0 = Debug|Any CPU
		{03B64746-5962-4D8B-9099-7785B8169C8E}.Release|Any CPU.ActiveCfg = Release|Any CPU
		{03B64746-5962-4D8B-9099-7785B8169C8E}.Release|Any CPU.Build.0 = Release|Any CPU
	EndGlobalSection
	GlobalSection(SolutionProperties) = preSolution
		HideSolutionNode = FALSE
	EndGlobalSection
	GlobalSection(ExtensibilityGlobals) = postSolution
		SolutionGuid = {3612B8FC-E922-4171-BC3F-E42BE9F574E9}
	EndGlobalSection
EndGlobal
