
Microsoft Visual Studio Solution File, Format Version 12.00
# Visual Studio Version 17
VisualStudioVersion = 17.3.32929.385
MinimumVisualStudioVersion = 10.0.40219.1
Project("{FAE04EC0-301F-11D3-BF4B-00C04F79EFBC}") = "DependencyInjectionApp", "DependencyInjectionApp\DependencyInjectionApp.csproj", "{3B817060-48DA-4A0C-8A56-C304159A20A3}"
EndProject
Global
	GlobalSection(SolutionConfigurationPlatforms) = preSolution
		Debug|Any CPU = Debug|Any CPU
		Release|Any CPU = Release|Any CPU
	EndGlobalSection
	GlobalSection(ProjectConfigurationPlatforms) = postSolution
		{3B817060-48DA-4A0C-8A56-C304159A20A3}.Debug|Any CPU.ActiveCfg = Debug|Any CPU
		{3B817060-48DA-4A0C-8A56-C304159A20A3}.Debug|Any CPU.Build.0 = Debug|Any CPU
		{3B817060-48DA-4A0C-8A56-C304159A20A3}.Release|Any CPU.ActiveCfg = Release|Any CPU
		{3B817060-48DA-4A0C-8A56-C304159A20A3}.Release|Any CPU.Build.0 = Release|Any CPU
	EndGlobalSection
	GlobalSection(SolutionProperties) = preSolution
		HideSolutionNode = FALSE
	EndGlobalSection
	GlobalSection(ExtensibilityGlobals) = postSolution
		SolutionGuid = {FA912261-1F72-4A6D-9685-882097E23030}
	EndGlobalSection
EndGlobal
