
Microsoft Visual Studio Solution File, Format Version 12.00
# Visual Studio Version 17
VisualStudioVersion = 17.3.32929.385
MinimumVisualStudioVersion = 10.0.40219.1
Project("{FAE04EC0-301F-11D3-BF4B-00C04F79EFBC}") = "IteratorApp", "IteratorApp\IteratorApp.csproj", "{A8537366-4FFF-4F62-B6AB-9BEEA8DBEE55}"
EndProject
Global
	GlobalSection(SolutionConfigurationPlatforms) = preSolution
		Debug|Any CPU = Debug|Any CPU
		Release|Any CPU = Release|Any CPU
	EndGlobalSection
	GlobalSection(ProjectConfigurationPlatforms) = postSolution
		{A8537366-4FFF-4F62-B6AB-9BEEA8DBEE55}.Debug|Any CPU.ActiveCfg = Debug|Any CPU
		{A8537366-4FFF-4F62-B6AB-9BEEA8DBEE55}.Debug|Any CPU.Build.0 = Debug|Any CPU
		{A8537366-4FFF-4F62-B6AB-9BEEA8DBEE55}.Release|Any CPU.ActiveCfg = Release|Any CPU
		{A8537366-4FFF-4F62-B6AB-9BEEA8DBEE55}.Release|Any CPU.Build.0 = Release|Any CPU
	EndGlobalSection
	GlobalSection(SolutionProperties) = preSolution
		HideSolutionNode = FALSE
	EndGlobalSection
	GlobalSection(ExtensibilityGlobals) = postSolution
		SolutionGuid = {54C08257-EB81-42C4-A159-7EE492AF1B22}
	EndGlobalSection
EndGlobal
