
Microsoft Visual Studio Solution File, Format Version 12.00
# Visual Studio Version 17
VisualStudioVersion = 17.3.32929.385
MinimumVisualStudioVersion = 10.0.40219.1
Project("{FAE04EC0-301F-11D3-BF4B-00C04F79EFBC}") = "GettingStarted", "GettingStarted\GettingStarted.csproj", "{0878F974-B44B-492B-9221-5344888F2E19}"
EndProject
Global
	GlobalSection(SolutionConfigurationPlatforms) = preSolution
		Debug|Any CPU = Debug|Any CPU
		Release|Any CPU = Release|Any CPU
	EndGlobalSection
	GlobalSection(ProjectConfigurationPlatforms) = postSolution
		{0878F974-B44B-492B-9221-5344888F2E19}.Debug|Any CPU.ActiveCfg = Debug|Any CPU
		{0878F974-B44B-492B-9221-5344888F2E19}.Debug|Any CPU.Build.0 = Debug|Any CPU
		{0878F974-B44B-492B-9221-5344888F2E19}.Release|Any CPU.ActiveCfg = Release|Any CPU
		{0878F974-B44B-492B-9221-5344888F2E19}.Release|Any CPU.Build.0 = Release|Any CPU
	EndGlobalSection
	GlobalSection(SolutionProperties) = preSolution
		HideSolutionNode = FALSE
	EndGlobalSection
	GlobalSection(ExtensibilityGlobals) = postSolution
		SolutionGuid = {53628C27-5CC6-480E-9DB8-9A9DD9E9A621}
	EndGlobalSection
EndGlobal
