
Microsoft Visual Studio Solution File, Format Version 12.00
# Visual Studio Version 17
VisualStudioVersion = 17.3.32929.385
MinimumVisualStudioVersion = 10.0.40219.1
Project("{FAE04EC0-301F-11D3-BF4B-00C04F79EFBC}") = "InterfacesApp", "InterfacesApp.csproj", "{4AA2E318-5C3B-444F-8DC1-4DBBFBA1C2A5}"
EndProject
Global
	GlobalSection(SolutionConfigurationPlatforms) = preSolution
		Debug|Any CPU = Debug|Any CPU
		Release|Any CPU = Release|Any CPU
	EndGlobalSection
	GlobalSection(ProjectConfigurationPlatforms) = postSolution
		{4AA2E318-5C3B-444F-8DC1-4DBBFBA1C2A5}.Debug|Any CPU.ActiveCfg = Debug|Any CPU
		{4AA2E318-5C3B-444F-8DC1-4DBBFBA1C2A5}.Debug|Any CPU.Build.0 = Debug|Any CPU
		{4AA2E318-5C3B-444F-8DC1-4DBBFBA1C2A5}.Release|Any CPU.ActiveCfg = Release|Any CPU
		{4AA2E318-5C3B-444F-8DC1-4DBBFBA1C2A5}.Release|Any CPU.Build.0 = Release|Any CPU
	EndGlobalSection
	GlobalSection(SolutionProperties) = preSolution
		HideSolutionNode = FALSE
	EndGlobalSection
	GlobalSection(ExtensibilityGlobals) = postSolution
		SolutionGuid = {4EDB1450-9655-4D5E-BA38-4F7229AA2A81}
	EndGlobalSection
EndGlobal
