
Microsoft Visual Studio Solution File, Format Version 12.00
# Visual Studio Version 17
VisualStudioVersion = 17.3.32929.385
MinimumVisualStudioVersion = 10.0.40219.1
Project("{FAE04EC0-301F-11D3-BF4B-00C04F79EFBC}") = "CancellationTokenApp", "CancellationTokenApp\CancellationTokenApp.csproj", "{DA7E4AFB-92D8-45D9-9E87-0E9048322F1D}"
EndProject
Global
	GlobalSection(SolutionConfigurationPlatforms) = preSolution
		Debug|Any CPU = Debug|Any CPU
		Release|Any CPU = Release|Any CPU
	EndGlobalSection
	GlobalSection(ProjectConfigurationPlatforms) = postSolution
		{DA7E4AFB-92D8-45D9-9E87-0E9048322F1D}.Debug|Any CPU.ActiveCfg = Debug|Any CPU
		{DA7E4AFB-92D8-45D9-9E87-0E9048322F1D}.Debug|Any CPU.Build.0 = Debug|Any CPU
		{DA7E4AFB-92D8-45D9-9E87-0E9048322F1D}.Release|Any CPU.ActiveCfg = Release|Any CPU
		{DA7E4AFB-92D8-45D9-9E87-0E9048322F1D}.Release|Any CPU.Build.0 = Release|Any CPU
	EndGlobalSection
	GlobalSection(SolutionProperties) = preSolution
		HideSolutionNode = FALSE
	EndGlobalSection
	GlobalSection(ExtensibilityGlobals) = postSolution
		SolutionGuid = {19C0C5BD-E7E2-47F0-911F-96E1F321F32C}
	EndGlobalSection
EndGlobal
