
Microsoft Visual Studio Solution File, Format Version 12.00
# Visual Studio Version 17
VisualStudioVersion = 17.3.32929.385
MinimumVisualStudioVersion = 10.0.40219.1
Project("{FAE04EC0-301F-11D3-BF4B-00C04F79EFBC}") = "AbstractFactoryApp", "AbstractFactoryApp.csproj", "{F1508C3A-9735-439C-AEF7-B9B92DD73000}"
EndProject
Global
	GlobalSection(SolutionConfigurationPlatforms) = preSolution
		Debug|Any CPU = Debug|Any CPU
		Release|Any CPU = Release|Any CPU
	EndGlobalSection
	GlobalSection(ProjectConfigurationPlatforms) = postSolution
		{F1508C3A-9735-439C-AEF7-B9B92DD73000}.Debug|Any CPU.ActiveCfg = Debug|Any CPU
		{F1508C3A-9735-439C-AEF7-B9B92DD73000}.Debug|Any CPU.Build.0 = Debug|Any CPU
		{F1508C3A-9735-439C-AEF7-B9B92DD73000}.Release|Any CPU.ActiveCfg = Release|Any CPU
		{F1508C3A-9735-439C-AEF7-B9B92DD73000}.Release|Any CPU.Build.0 = Release|Any CPU
	EndGlobalSection
	GlobalSection(SolutionProperties) = preSolution
		HideSolutionNode = FALSE
	EndGlobalSection
	GlobalSection(ExtensibilityGlobals) = postSolution
		SolutionGuid = {0D67A855-6768-49ED-BBB4-468836E0B24A}
	EndGlobalSection
EndGlobal
