
Microsoft Visual Studio Solution File, Format Version 12.00
# Visual Studio Version 17
VisualStudioVersion = 17.3.32901.215
MinimumVisualStudioVersion = 10.0.40219.1
Project("{FAE04EC0-301F-11D3-BF4B-00C04F79EFBC}") = "ArraysApp", "ArraysApp.csproj", "{288F6117-B74F-46E3-8E0C-2398A836E738}"
EndProject
Global
	GlobalSection(SolutionConfigurationPlatforms) = preSolution
		Debug|Any CPU = Debug|Any CPU
		Release|Any CPU = Release|Any CPU
	EndGlobalSection
	GlobalSection(ProjectConfigurationPlatforms) = postSolution
		{288F6117-B74F-46E3-8E0C-2398A836E738}.Debug|Any CPU.ActiveCfg = Debug|Any CPU
		{288F6117-B74F-46E3-8E0C-2398A836E738}.Debug|Any CPU.Build.0 = Debug|Any CPU
		{288F6117-B74F-46E3-8E0C-2398A836E738}.Release|Any CPU.ActiveCfg = Release|Any CPU
		{288F6117-B74F-46E3-8E0C-2398A836E738}.Release|Any CPU.Build.0 = Release|Any CPU
	EndGlobalSection
	GlobalSection(SolutionProperties) = preSolution
		HideSolutionNode = FALSE
	EndGlobalSection
	GlobalSection(ExtensibilityGlobals) = postSolution
		SolutionGuid = {A828EE7E-1AF5-4D3F-A35D-F6DD968CAF18}
	EndGlobalSection
EndGlobal
