
Microsoft Visual Studio Solution File, Format Version 12.00
# Visual Studio Version 17
VisualStudioVersion = 17.3.32929.385
MinimumVisualStudioVersion = 10.0.40219.1
Project("{FAE04EC0-301F-11D3-BF4B-00C04F79EFBC}") = "ClientApp", "ClientApp\ClientApp.csproj", "{FE5BBC4D-966D-4451-B369-6C8F90ECD5B8}"
EndProject
Project("{FAE04EC0-301F-11D3-BF4B-00C04F79EFBC}") = "ServerApp", "ServerApp\ServerApp.csproj", "{DA6EAE78-E89A-48FD-9AFE-93C4B5282F73}"
EndProject
Global
	GlobalSection(SolutionConfigurationPlatforms) = preSolution
		Debug|Any CPU = Debug|Any CPU
		Release|Any CPU = Release|Any CPU
	EndGlobalSection
	GlobalSection(ProjectConfigurationPlatforms) = postSolution
		{FE5BBC4D-966D-4451-B369-6C8F90ECD5B8}.Debug|Any CPU.ActiveCfg = Debug|Any CPU
		{FE5BBC4D-966D-4451-B369-6C8F90ECD5B8}.Debug|Any CPU.Build.0 = Debug|Any CPU
		{FE5BBC4D-966D-4451-B369-6C8F90ECD5B8}.Release|Any CPU.ActiveCfg = Release|Any CPU
		{FE5BBC4D-966D-4451-B369-6C8F90ECD5B8}.Release|Any CPU.Build.0 = Release|Any CPU
		{DA6EAE78-E89A-48FD-9AFE-93C4B5282F73}.Debug|Any CPU.ActiveCfg = Debug|Any CPU
		{DA6EAE78-E89A-48FD-9AFE-93C4B5282F73}.Debug|Any CPU.Build.0 = Debug|Any CPU
		{DA6EAE78-E89A-48FD-9AFE-93C4B5282F73}.Release|Any CPU.ActiveCfg = Release|Any CPU
		{DA6EAE78-E89A-48FD-9AFE-93C4B5282F73}.Release|Any CPU.Build.0 = Release|Any CPU
	EndGlobalSection
	GlobalSection(SolutionProperties) = preSolution
		HideSolutionNode = FALSE
	EndGlobalSection
	GlobalSection(ExtensibilityGlobals) = postSolution
		SolutionGuid = {D5735E1E-8E51-4DF1-A22D-91BCB618C881}
	EndGlobalSection
EndGlobal
