
Microsoft Visual Studio Solution File, Format Version 12.00
# Visual Studio Version 17
VisualStudioVersion = 17.1.32319.34
MinimumVisualStudioVersion = 10.0.40219.1
Project("{888888A0-9F3D-457C-B088-3A5042F75D52}") = "ListsApplication", "ListsApplication\ListsApplication.pyproj", "{FF29CCD3-F030-4497-A67E-8BE029F1A629}"
EndProject
Global
	GlobalSection(SolutionConfigurationPlatforms) = preSolution
		Debug|Any CPU = Debug|Any CPU
		Release|Any CPU = Release|Any CPU
	EndGlobalSection
	GlobalSection(ProjectConfigurationPlatforms) = postSolution
		{FF29CCD3-F030-4497-A67E-8BE029F1A629}.Debug|Any CPU.ActiveCfg = Debug|Any CPU
		{FF29CCD3-F030-4497-A67E-8BE029F1A629}.Release|Any CPU.ActiveCfg = Release|Any CPU
	EndGlobalSection
	GlobalSection(SolutionProperties) = preSolution
		HideSolutionNode = FALSE
	EndGlobalSection
	GlobalSection(ExtensibilityGlobals) = postSolution
		SolutionGuid = {702112F2-C4B0-400D-9C0B-84AD62462143}
	EndGlobalSection
EndGlobal
