
Microsoft Visual Studio Solution File, Format Version 12.00
# Visual Studio Version 17
VisualStudioVersion = 17.3.32929.385
MinimumVisualStudioVersion = 10.0.40219.1
Project("{FAE04EC0-301F-11D3-BF4B-00C04F79EFBC}") = "AssemblyApp", "AssemblyApp\AssemblyApp.csproj", "{06D5BEF6-37C0-48D5-A0E6-B813C2A20C85}"
EndProject
Global
	GlobalSection(SolutionConfigurationPlatforms) = preSolution
		Debug|Any CPU = Debug|Any CPU
		Release|Any CPU = Release|Any CPU
	EndGlobalSection
	GlobalSection(ProjectConfigurationPlatforms) = postSolution
		{06D5BEF6-37C0-48D5-A0E6-B813C2A20C85}.Debug|Any CPU.ActiveCfg = Debug|Any CPU
		{06D5BEF6-37C0-48D5-A0E6-B813C2A20C85}.Debug|Any CPU.Build.0 = Debug|Any CPU
		{06D5BEF6-37C0-48D5-A0E6-B813C2A20C85}.Release|Any CPU.ActiveCfg = Release|Any CPU
		{06D5BEF6-37C0-48D5-A0E6-B813C2A20C85}.Release|Any CPU.Build.0 = Release|Any CPU
	EndGlobalSection
	GlobalSection(SolutionProperties) = preSolution
		HideSolutionNode = FALSE
	EndGlobalSection
	GlobalSection(ExtensibilityGlobals) = postSolution
		SolutionGuid = {2746E6BF-493D-47A7-8AF8-FFEB57F9CB30}
	EndGlobalSection
EndGlobal
