
Microsoft Visual Studio Solution File, Format Version 12.00
# Visual Studio Version 17
VisualStudioVersion = 17.3.32929.385
MinimumVisualStudioVersion = 10.0.40219.1
Project("{FAE04EC0-301F-11D3-BF4B-00C04F79EFBC}") = "TemplateFunctionsApp", "TemplateFunctionsApp.csproj", "{60C4CE66-D838-48C6-B411-7BC7476C7F99}"
EndProject
Global
	GlobalSection(SolutionConfigurationPlatforms) = preSolution
		Debug|Any CPU = Debug|Any CPU
		Release|Any CPU = Release|Any CPU
	EndGlobalSection
	GlobalSection(ProjectConfigurationPlatforms) = postSolution
		{60C4CE66-D838-48C6-B411-7BC7476C7F99}.Debug|Any CPU.ActiveCfg = Debug|Any CPU
		{60C4CE66-D838-48C6-B411-7BC7476C7F99}.Debug|Any CPU.Build.0 = Debug|Any CPU
		{60C4CE66-D838-48C6-B411-7BC7476C7F99}.Release|Any CPU.ActiveCfg = Release|Any CPU
		{60C4CE66-D838-48C6-B411-7BC7476C7F99}.Release|Any CPU.Build.0 = Release|Any CPU
	EndGlobalSection
	GlobalSection(SolutionProperties) = preSolution
		HideSolutionNode = FALSE
	EndGlobalSection
	GlobalSection(ExtensibilityGlobals) = postSolution
		SolutionGuid = {7B6E56A5-3E40-4421-BF5B-E5E34BB12117}
	EndGlobalSection
EndGlobal
