
Microsoft Visual Studio Solution File, Format Version 12.00
# Visual Studio Version 17
VisualStudioVersion = 17.3.32929.385
MinimumVisualStudioVersion = 10.0.40219.1
Project("{FAE04EC0-301F-11D3-BF4B-00C04F79EFBC}") = "JsonApp", "JsonApp.csproj", "{2F336C23-C33A-4F45-B785-ED6B52850D4D}"
EndProject
Global
	GlobalSection(SolutionConfigurationPlatforms) = preSolution
		Debug|Any CPU = Debug|Any CPU
		Release|Any CPU = Release|Any CPU
	EndGlobalSection
	GlobalSection(ProjectConfigurationPlatforms) = postSolution
		{2F336C23-C33A-4F45-B785-ED6B52850D4D}.Debug|Any CPU.ActiveCfg = Debug|Any CPU
		{2F336C23-C33A-4F45-B785-ED6B52850D4D}.Debug|Any CPU.Build.0 = Debug|Any CPU
		{2F336C23-C33A-4F45-B785-ED6B52850D4D}.Release|Any CPU.ActiveCfg = Release|Any CPU
		{2F336C23-C33A-4F45-B785-ED6B52850D4D}.Release|Any CPU.Build.0 = Release|Any CPU
	EndGlobalSection
	GlobalSection(SolutionProperties) = preSolution
		HideSolutionNode = FALSE
	EndGlobalSection
	GlobalSection(ExtensibilityGlobals) = postSolution
		SolutionGuid = {5C784C0E-ADC7-4AFC-8184-4BF6BE277E13}
	EndGlobalSection
EndGlobal
