
Microsoft Visual Studio Solution File, Format Version 12.00
# Visual Studio Version 17
VisualStudioVersion = 17.3.32929.385
MinimumVisualStudioVersion = 10.0.40219.1
Project("{FAE04EC0-301F-11D3-BF4B-00C04F79EFBC}") = "TasksApp", "TasksApp\TasksApp.csproj", "{BB016B8E-EAAC-48E1-AD90-78B37137E0D4}"
EndProject
Global
	GlobalSection(SolutionConfigurationPlatforms) = preSolution
		Debug|Any CPU = Debug|Any CPU
		Release|Any CPU = Release|Any CPU
	EndGlobalSection
	GlobalSection(ProjectConfigurationPlatforms) = postSolution
		{BB016B8E-EAAC-48E1-AD90-78B37137E0D4}.Debug|Any CPU.ActiveCfg = Debug|Any CPU
		{BB016B8E-EAAC-48E1-AD90-78B37137E0D4}.Debug|Any CPU.Build.0 = Debug|Any CPU
		{BB016B8E-EAAC-48E1-AD90-78B37137E0D4}.Release|Any CPU.ActiveCfg = Release|Any CPU
		{BB016B8E-EAAC-48E1-AD90-78B37137E0D4}.Release|Any CPU.Build.0 = Release|Any CPU
	EndGlobalSection
	GlobalSection(SolutionProperties) = preSolution
		HideSolutionNode = FALSE
	EndGlobalSection
	GlobalSection(ExtensibilityGlobals) = postSolution
		SolutionGuid = {7A369C2C-D5C7-4ED1-BEA0-26FE69F160C6}
	EndGlobalSection
EndGlobal
