
Microsoft Visual Studio Solution File, Format Version 12.00
# Visual Studio Version 17
VisualStudioVersion = 17.3.32929.385
MinimumVisualStudioVersion = 10.0.40219.1
Project("{FAE04EC0-301F-11D3-BF4B-00C04F79EFBC}") = "ObjectApp", "ObjectApp.csproj", "{1DC4A3D0-D74E-4EB8-B7E6-D17DB67C0BBB}"
EndProject
Global
	GlobalSection(SolutionConfigurationPlatforms) = preSolution
		Debug|Any CPU = Debug|Any CPU
		Release|Any CPU = Release|Any CPU
	EndGlobalSection
	GlobalSection(ProjectConfigurationPlatforms) = postSolution
		{1DC4A3D0-D74E-4EB8-B7E6-D17DB67C0BBB}.Debug|Any CPU.ActiveCfg = Debug|Any CPU
		{1DC4A3D0-D74E-4EB8-B7E6-D17DB67C0BBB}.Debug|Any CPU.Build.0 = Debug|Any CPU
		{1DC4A3D0-D74E-4EB8-B7E6-D17DB67C0BBB}.Release|Any CPU.ActiveCfg = Release|Any CPU
		{1DC4A3D0-D74E-4EB8-B7E6-D17DB67C0BBB}.Release|Any CPU.Build.0 = Release|Any CPU
	EndGlobalSection
	GlobalSection(SolutionProperties) = preSolution
		HideSolutionNode = FALSE
	EndGlobalSection
	GlobalSection(ExtensibilityGlobals) = postSolution
		SolutionGuid = {1BFF24B7-AD55-4EF7-A52B-577033FEEFF7}
	EndGlobalSection
EndGlobal
