
Microsoft Visual Studio Solution File, Format Version 12.00
# Visual Studio Version 17
VisualStudioVersion = 17.3.32929.385
MinimumVisualStudioVersion = 10.0.40219.1
Project("{FAE04EC0-301F-11D3-BF4B-00C04F79EFBC}") = "WithParametersApp", "WithParametersApp\WithParametersApp.csproj", "{43B72168-F666-4AB8-84AE-32EB70FCCB39}"
EndProject
Global
	GlobalSection(SolutionConfigurationPlatforms) = preSolution
		Debug|Any CPU = Debug|Any CPU
		Release|Any CPU = Release|Any CPU
	EndGlobalSection
	GlobalSection(ProjectConfigurationPlatforms) = postSolution
		{43B72168-F666-4AB8-84AE-32EB70FCCB39}.Debug|Any CPU.ActiveCfg = Debug|Any CPU
		{43B72168-F666-4AB8-84AE-32EB70FCCB39}.Debug|Any CPU.Build.0 = Debug|Any CPU
		{43B72168-F666-4AB8-84AE-32EB70FCCB39}.Release|Any CPU.ActiveCfg = Release|Any CPU
		{43B72168-F666-4AB8-84AE-32EB70FCCB39}.Release|Any CPU.Build.0 = Release|Any CPU
	EndGlobalSection
	GlobalSection(SolutionProperties) = preSolution
		HideSolutionNode = FALSE
	EndGlobalSection
	GlobalSection(ExtensibilityGlobals) = postSolution
		SolutionGuid = {1DB67998-C702-443B-B68E-907EF7A97CE2}
	EndGlobalSection
EndGlobal
