
Microsoft Visual Studio Solution File, Format Version 12.00
# Visual Studio Version 17
VisualStudioVersion = 17.3.32929.385
MinimumVisualStudioVersion = 10.0.40219.1
Project("{FAE04EC0-301F-11D3-BF4B-00C04F79EFBC}") = "FunctionsApp", "FunctionsApp.csproj", "{621E96D9-D374-4155-92FD-C24631972045}"
EndProject
Global
	GlobalSection(SolutionConfigurationPlatforms) = preSolution
		Debug|Any CPU = Debug|Any CPU
		Release|Any CPU = Release|Any CPU
	EndGlobalSection
	GlobalSection(ProjectConfigurationPlatforms) = postSolution
		{621E96D9-D374-4155-92FD-C24631972045}.Debug|Any CPU.ActiveCfg = Debug|Any CPU
		{621E96D9-D374-4155-92FD-C24631972045}.Debug|Any CPU.Build.0 = Debug|Any CPU
		{621E96D9-D374-4155-92FD-C24631972045}.Release|Any CPU.ActiveCfg = Release|Any CPU
		{621E96D9-D374-4155-92FD-C24631972045}.Release|Any CPU.Build.0 = Release|Any CPU
	EndGlobalSection
	GlobalSection(SolutionProperties) = preSolution
		HideSolutionNode = FALSE
	EndGlobalSection
	GlobalSection(ExtensibilityGlobals) = postSolution
		SolutionGuid = {ACE29717-1CB6-498E-AA49-5A3A21A3BED8}
	EndGlobalSection
EndGlobal
