
Microsoft Visual Studio Solution File, Format Version 12.00
# Visual Studio Version 17
VisualStudioVersion = 17.0.31903.59
MinimumVisualStudioVersion = 10.0.40219.1
Project("{FAE04EC0-301F-11D3-BF4B-00C04F79EFBC}") = "ConsoleApp", "ConsoleApp\ConsoleApp.csproj", "{DFFA0FC0-4CAC-4153-8C21-16E854481651}"
EndProject
Project("{FAE04EC0-301F-11D3-BF4B-00C04F79EFBC}") = "UnitTestApp", "UnitTestApp\UnitTestApp.csproj", "{307F9BB4-ABFD-4238-812B-E8A767378132}"
EndProject
Global
	GlobalSection(SolutionConfigurationPlatforms) = preSolution
		Debug|Any CPU = Debug|Any CPU
		Release|Any CPU = Release|Any CPU
	EndGlobalSection
	GlobalSection(SolutionProperties) = preSolution
		HideSolutionNode = FALSE
	EndGlobalSection
	GlobalSection(ProjectConfigurationPlatforms) = postSolution
		{DFFA0FC0-4CAC-4153-8C21-16E854481651}.Debug|Any CPU.ActiveCfg = Debug|Any CPU
		{DFFA0FC0-4CAC-4153-8C21-16E854481651}.Debug|Any CPU.Build.0 = Debug|Any CPU
		{DFFA0FC0-4CAC-4153-8C21-16E854481651}.Release|Any CPU.ActiveCfg = Release|Any CPU
		{DFFA0FC0-4CAC-4153-8C21-16E854481651}.Release|Any CPU.Build.0 = Release|Any CPU
		{307F9BB4-ABFD-4238-812B-E8A767378132}.Debug|Any CPU.ActiveCfg = Debug|Any CPU
		{307F9BB4-ABFD-4238-812B-E8A767378132}.Debug|Any CPU.Build.0 = Debug|Any CPU
		{307F9BB4-ABFD-4238-812B-E8A767378132}.Release|Any CPU.ActiveCfg = Release|Any CPU
		{307F9BB4-ABFD-4238-812B-E8A767378132}.Release|Any CPU.Build.0 = Release|Any CPU
	EndGlobalSection
EndGlobal
