
Microsoft Visual Studio Solution File, Format Version 12.00
# Visual Studio Version 17
VisualStudioVersion = 17.3.32929.385
MinimumVisualStudioVersion = 10.0.40219.1
Project("{FAE04EC0-301F-11D3-BF4B-00C04F79EFBC}") = "UsersStorageApp", "UsersStorageApp.csproj", "{57E025F4-B153-4F9D-9E3B-70E9F6453683}"
EndProject
Global
	GlobalSection(SolutionConfigurationPlatforms) = preSolution
		Debug|Any CPU = Debug|Any CPU
		Release|Any CPU = Release|Any CPU
	EndGlobalSection
	GlobalSection(ProjectConfigurationPlatforms) = postSolution
		{57E025F4-B153-4F9D-9E3B-70E9F6453683}.Debug|Any CPU.ActiveCfg = Debug|Any CPU
		{57E025F4-B153-4F9D-9E3B-70E9F6453683}.Debug|Any CPU.Build.0 = Debug|Any CPU
		{57E025F4-B153-4F9D-9E3B-70E9F6453683}.Release|Any CPU.ActiveCfg = Release|Any CPU
		{57E025F4-B153-4F9D-9E3B-70E9F6453683}.Release|Any CPU.Build.0 = Release|Any CPU
	EndGlobalSection
	GlobalSection(SolutionProperties) = preSolution
		HideSolutionNode = FALSE
	EndGlobalSection
	GlobalSection(ExtensibilityGlobals) = postSolution
		SolutionGuid = {695548DE-6C9C-49E1-ADD8-7074D757657E}
	EndGlobalSection
EndGlobal
