
Microsoft Visual Studio Solution File, Format Version 12.00
# Visual Studio Version 17
VisualStudioVersion = 17.3.32929.385
MinimumVisualStudioVersion = 10.0.40219.1
Project("{FAE04EC0-301F-11D3-BF4B-00C04F79EFBC}") = "InheritanceApp", "InheritanceApp.csproj", "{429A8454-9E75-45D9-AFF6-5CBDD8C928FD}"
EndProject
Global
	GlobalSection(SolutionConfigurationPlatforms) = preSolution
		Debug|Any CPU = Debug|Any CPU
		Release|Any CPU = Release|Any CPU
	EndGlobalSection
	GlobalSection(ProjectConfigurationPlatforms) = postSolution
		{429A8454-9E75-45D9-AFF6-5CBDD8C928FD}.Debug|Any CPU.ActiveCfg = Debug|Any CPU
		{429A8454-9E75-45D9-AFF6-5CBDD8C928FD}.Debug|Any CPU.Build.0 = Debug|Any CPU
		{429A8454-9E75-45D9-AFF6-5CBDD8C928FD}.Release|Any CPU.ActiveCfg = Release|Any CPU
		{429A8454-9E75-45D9-AFF6-5CBDD8C928FD}.Release|Any CPU.Build.0 = Release|Any CPU
	EndGlobalSection
	GlobalSection(SolutionProperties) = preSolution
		HideSolutionNode = FALSE
	EndGlobalSection
	GlobalSection(ExtensibilityGlobals) = postSolution
		SolutionGuid = {11385075-6101-45B2-8F58-D732D9AE5A8C}
	EndGlobalSection
EndGlobal
