
Microsoft Visual Studio Solution File, Format Version 12.00
# Visual Studio Version 17
VisualStudioVersion = 17.3.32929.385
MinimumVisualStudioVersion = 10.0.40219.1
Project("{FAE04EC0-301F-11D3-BF4B-00C04F79EFBC}") = "PrototypeApp", "PrototypeApp.csproj", "{A40E0195-6BD3-4184-91F0-C51144232320}"
EndProject
Global
	GlobalSection(SolutionConfigurationPlatforms) = preSolution
		Debug|Any CPU = Debug|Any CPU
		Release|Any CPU = Release|Any CPU
	EndGlobalSection
	GlobalSection(ProjectConfigurationPlatforms) = postSolution
		{A40E0195-6BD3-4184-91F0-C51144232320}.Debug|Any CPU.ActiveCfg = Debug|Any CPU
		{A40E0195-6BD3-4184-91F0-C51144232320}.Debug|Any CPU.Build.0 = Debug|Any CPU
		{A40E0195-6BD3-4184-91F0-C51144232320}.Release|Any CPU.ActiveCfg = Release|Any CPU
		{A40E0195-6BD3-4184-91F0-C51144232320}.Release|Any CPU.Build.0 = Release|Any CPU
	EndGlobalSection
	GlobalSection(SolutionProperties) = preSolution
		HideSolutionNode = FALSE
	EndGlobalSection
	GlobalSection(ExtensibilityGlobals) = postSolution
		SolutionGuid = {E4A83AE3-B508-48C7-A2DC-9818EF2FF057}
	EndGlobalSection
EndGlobal
