
Microsoft Visual Studio Solution File, Format Version 12.00
# Visual Studio Version 17
VisualStudioVersion = 17.3.32929.385
MinimumVisualStudioVersion = 10.0.40219.1
Project("{FAE04EC0-301F-11D3-BF4B-00C04F79EFBC}") = "AnonimousTypesApp", "AnonimousTypesApp\AnonimousTypesApp.csproj", "{743F4605-868F-43DB-86CE-F8E61A9E5856}"
EndProject
Global
	GlobalSection(SolutionConfigurationPlatforms) = preSolution
		Debug|Any CPU = Debug|Any CPU
		Release|Any CPU = Release|Any CPU
	EndGlobalSection
	GlobalSection(ProjectConfigurationPlatforms) = postSolution
		{743F4605-868F-43DB-86CE-F8E61A9E5856}.Debug|Any CPU.ActiveCfg = Debug|Any CPU
		{743F4605-868F-43DB-86CE-F8E61A9E5856}.Debug|Any CPU.Build.0 = Debug|Any CPU
		{743F4605-868F-43DB-86CE-F8E61A9E5856}.Release|Any CPU.ActiveCfg = Release|Any CPU
		{743F4605-868F-43DB-86CE-F8E61A9E5856}.Release|Any CPU.Build.0 = Release|Any CPU
	EndGlobalSection
	GlobalSection(SolutionProperties) = preSolution
		HideSolutionNode = FALSE
	EndGlobalSection
	GlobalSection(ExtensibilityGlobals) = postSolution
		SolutionGuid = {318F1321-FEC7-4113-A20C-FB69DB92F173}
	EndGlobalSection
EndGlobal
