
Microsoft Visual Studio Solution File, Format Version 12.00
# Visual Studio Version 17
VisualStudioVersion = 17.0.31903.59
MinimumVisualStudioVersion = 10.0.40219.1
Project("{9A19103F-16F7-4668-BE54-9A1E7A4F7556}") = "ClientApp", "ClientApp\ClientApp.csproj", "{3B96DD10-7DE5-4BBD-B168-9698A8205AFC}"
EndProject
Project("{9A19103F-16F7-4668-BE54-9A1E7A4F7556}") = "ServerApp", "ServerApp\ServerApp.csproj", "{F1090D9A-215C-4616-8668-C15A9C919B46}"
EndProject
Project("{FAE04EC0-301F-11D3-BF4B-00C04F79EFBC}") = "Shared", "Shared\Shared.csproj", "{2198C00E-5AD1-4F04-8F60-F0CE2F48C4E3}"
EndProject
Global
	GlobalSection(SolutionConfigurationPlatforms) = preSolution
		Debug|Any CPU = Debug|Any CPU
		Release|Any CPU = Release|Any CPU
	EndGlobalSection
	GlobalSection(ProjectConfigurationPlatforms) = postSolution
		{3B96DD10-7DE5-4BBD-B168-9698A8205AFC}.Debug|Any CPU.ActiveCfg = Debug|Any CPU
		{3B96DD10-7DE5-4BBD-B168-9698A8205AFC}.Debug|Any CPU.Build.0 = Debug|Any CPU
		{3B96DD10-7DE5-4BBD-B168-9698A8205AFC}.Release|Any CPU.ActiveCfg = Release|Any CPU
		{3B96DD10-7DE5-4BBD-B168-9698A8205AFC}.Release|Any CPU.Build.0 = Release|Any CPU
		{F1090D9A-215C-4616-8668-C15A9C919B46}.Debug|Any CPU.ActiveCfg = Debug|Any CPU
		{F1090D9A-215C-4616-8668-C15A9C919B46}.Debug|Any CPU.Build.0 = Debug|Any CPU
		{F1090D9A-215C-4616-8668-C15A9C919B46}.Release|Any CPU.ActiveCfg = Release|Any CPU
		{F1090D9A-215C-4616-8668-C15A9C919B46}.Release|Any CPU.Build.0 = Release|Any CPU
		{2198C00E-5AD1-4F04-8F60-F0CE2F48C4E3}.Debug|Any CPU.ActiveCfg = Debug|Any CPU
		{2198C00E-5AD1-4F04-8F60-F0CE2F48C4E3}.Debug|Any CPU.Build.0 = Debug|Any CPU
		{2198C00E-5AD1-4F04-8F60-F0CE2F48C4E3}.Release|Any CPU.ActiveCfg = Release|Any CPU
		{2198C00E-5AD1-4F04-8F60-F0CE2F48C4E3}.Release|Any CPU.Build.0 = Release|Any CPU
	EndGlobalSection
	GlobalSection(SolutionProperties) = preSolution
		HideSolutionNode = FALSE
	EndGlobalSection
	GlobalSection(ExtensibilityGlobals) = postSolution
		SolutionGuid = {51E71FBA-4B77-4CBE-820D-E07DA9D77180}
	EndGlobalSection
EndGlobal
