
Microsoft Visual Studio Solution File, Format Version 12.00
# Visual Studio Version 17
VisualStudioVersion = 17.3.32929.385
MinimumVisualStudioVersion = 10.0.40219.1
Project("{FAE04EC0-301F-11D3-BF4B-00C04F79EFBC}") = "SignletonApp", "SignletonApp.csproj", "{C6DC07E7-C106-471E-830D-2D05467FE14E}"
EndProject
Global
	GlobalSection(SolutionConfigurationPlatforms) = preSolution
		Debug|Any CPU = Debug|Any CPU
		Release|Any CPU = Release|Any CPU
	EndGlobalSection
	GlobalSection(ProjectConfigurationPlatforms) = postSolution
		{C6DC07E7-C106-471E-830D-2D05467FE14E}.Debug|Any CPU.ActiveCfg = Debug|Any CPU
		{C6DC07E7-C106-471E-830D-2D05467FE14E}.Debug|Any CPU.Build.0 = Debug|Any CPU
		{C6DC07E7-C106-471E-830D-2D05467FE14E}.Release|Any CPU.ActiveCfg = Release|Any CPU
		{C6DC07E7-C106-471E-830D-2D05467FE14E}.Release|Any CPU.Build.0 = Release|Any CPU
	EndGlobalSection
	GlobalSection(SolutionProperties) = preSolution
		HideSolutionNode = FALSE
	EndGlobalSection
	GlobalSection(ExtensibilityGlobals) = postSolution
		SolutionGuid = {39C986CD-CE1D-4CEC-AE06-715B1F647E58}
	EndGlobalSection
EndGlobal
