
Microsoft Visual Studio Solution File, Format Version 12.00
# Visual Studio Version 17
VisualStudioVersion = 17.3.32929.385
MinimumVisualStudioVersion = 10.0.40219.1
Project("{FAE04EC0-301F-11D3-BF4B-00C04F79EFBC}") = "CompositeApp", "CompositeApp\CompositeApp.csproj", "{0435BF9C-4515-4D15-A31E-73E672AAFC9E}"
EndProject
Global
	GlobalSection(SolutionConfigurationPlatforms) = preSolution
		Debug|Any CPU = Debug|Any CPU
		Release|Any CPU = Release|Any CPU
	EndGlobalSection
	GlobalSection(ProjectConfigurationPlatforms) = postSolution
		{0435BF9C-4515-4D15-A31E-73E672AAFC9E}.Debug|Any CPU.ActiveCfg = Debug|Any CPU
		{0435BF9C-4515-4D15-A31E-73E672AAFC9E}.Debug|Any CPU.Build.0 = Debug|Any CPU
		{0435BF9C-4515-4D15-A31E-73E672AAFC9E}.Release|Any CPU.ActiveCfg = Release|Any CPU
		{0435BF9C-4515-4D15-A31E-73E672AAFC9E}.Release|Any CPU.Build.0 = Release|Any CPU
	EndGlobalSection
	GlobalSection(SolutionProperties) = preSolution
		HideSolutionNode = FALSE
	EndGlobalSection
	GlobalSection(ExtensibilityGlobals) = postSolution
		SolutionGuid = {C318264F-7154-4128-A043-559A10DAA381}
	EndGlobalSection
EndGlobal
