
Microsoft Visual Studio Solution File, Format Version 12.00
# Visual Studio Version 17
VisualStudioVersion = 17.3.32929.385
MinimumVisualStudioVersion = 10.0.40219.1
Project("{FAE04EC0-301F-11D3-BF4B-00C04F79EFBC}") = "BuilderApp", "BuilderApp.csproj", "{1B067A40-F65A-4EB2-A993-530C07029751}"
EndProject
Global
	GlobalSection(SolutionConfigurationPlatforms) = preSolution
		Debug|Any CPU = Debug|Any CPU
		Release|Any CPU = Release|Any CPU
	EndGlobalSection
	GlobalSection(ProjectConfigurationPlatforms) = postSolution
		{1B067A40-F65A-4EB2-A993-530C07029751}.Debug|Any CPU.ActiveCfg = Debug|Any CPU
		{1B067A40-F65A-4EB2-A993-530C07029751}.Debug|Any CPU.Build.0 = Debug|Any CPU
		{1B067A40-F65A-4EB2-A993-530C07029751}.Release|Any CPU.ActiveCfg = Release|Any CPU
		{1B067A40-F65A-4EB2-A993-530C07029751}.Release|Any CPU.Build.0 = Release|Any CPU
	EndGlobalSection
	GlobalSection(SolutionProperties) = preSolution
		HideSolutionNode = FALSE
	EndGlobalSection
	GlobalSection(ExtensibilityGlobals) = postSolution
		SolutionGuid = {27DD9EAF-4EE2-4E80-B339-521DA3F565EB}
	EndGlobalSection
EndGlobal
